
Microsoft Visual Studio Solution File, Format Version 12.00
# Visual Studio Version 17
VisualStudioVersion = 17.2.32526.322
MinimumVisualStudioVersion = 10.0.40219.1
Project("{2150E333-8FDC-42A3-9474-1A3956D46DE8}") = "1. Host Layer", "1. Host Layer", "{4FAA264F-7F49-4E68-B40A-5A4EBA6961F9}"
EndProject
Project("{2150E333-8FDC-42A3-9474-1A3956D46DE8}") = "2. Application Layer", "2. Application Layer", "{8E28AA69-F024-4B6C-8426-84FDE9DC10E1}"
EndProject
Project("{2150E333-8FDC-42A3-9474-1A3956D46DE8}") = "3. Service Layer", "3. Service Layer", "{15E4EE69-6A52-4EA8-9283-A77A1FDD5F3B}"
EndProject
Project("{2150E333-8FDC-42A3-9474-1A3956D46DE8}") = "4. Infrastructure Layer", "4. Infrastructure Layer", "{1E5E3023-4BD9-4D13-B966-85401060D77A}"
EndProject
Project("{2150E333-8FDC-42A3-9474-1A3956D46DE8}") = "1. WebApi", "1. WebApi", "{DEDC076F-7AB0-4D8E-B534-C10BFA5734C7}"
EndProject
Project("{2150E333-8FDC-42A3-9474-1A3956D46DE8}") = "1. Mappers", "1. Mappers", "{46C2A6E4-BC23-4965-B12B-573A716F63EC}"
EndProject
Project("{2150E333-8FDC-42A3-9474-1A3956D46DE8}") = "2. Services", "2. Services", "{29A93978-9F20-4AED-81B8-BEAC1704D23D}"
EndProject
Project("{2150E333-8FDC-42A3-9474-1A3956D46DE8}") = "3. Messages", "3. Messages", "{00ECAAD4-E0C6-4017-AC84-5278828D41A6}"
EndProject
Project("{2150E333-8FDC-42A3-9474-1A3956D46DE8}") = "1. Contracts", "1. Contracts", "{665A30FB-DAFA-4AA6-B547-51BD5E7ABF3A}"
EndProject
Project("{2150E333-8FDC-42A3-9474-1A3956D46DE8}") = "2. Implementations", "2. Implementations", "{6665D757-732B-4AA3-A466-555EA2D039AC}"
EndProject
Project("{2150E333-8FDC-42A3-9474-1A3956D46DE8}") = "3. Models", "3. Models", "{9B9014DF-79C0-477B-8339-0C90C17A7BBA}"
EndProject
Project("{2150E333-8FDC-42A3-9474-1A3956D46DE8}") = "1. Data", "1. Data", "{1B8B1FC8-DDFE-45ED-BD73-0B748388DB2E}"
EndProject
Project("{2150E333-8FDC-42A3-9474-1A3956D46DE8}") = "2. Cross Cutting", "2. Cross Cutting", "{A34BEDB8-9FA4-4B84-808D-9E1B049A5293}"
EndProject
Project("{9A19103F-16F7-4668-BE54-9A1E7A4F7556}") = "SME.Conecta.Host.WebApi", "SME.Conecta.Host.WebApi\SME.Conecta.Host.WebApi.csproj", "{98A6E910-8FC5-4F5F-B9C6-D1C6895C2135}"
EndProject
Project("{9A19103F-16F7-4668-BE54-9A1E7A4F7556}") = "SME.Conecta.Application.Mapper", "SME.Conecta.Application.Mapper\SME.Conecta.Application.Mapper.csproj", "{110291E4-9D80-42A8-BCC0-FF9E69E091A8}"
EndProject
Project("{9A19103F-16F7-4668-BE54-9A1E7A4F7556}") = "SME.Conecta.Application.Services", "SME.Conecta.Application.Services\SME.Conecta.Application.Services.csproj", "{1FF2BF19-0026-4459-8A21-675158A32650}"
EndProject
Project("{9A19103F-16F7-4668-BE54-9A1E7A4F7556}") = "SME.Conecta.Application.Services.Imp", "SME.Conecta.Application.Services.Imp\SME.Conecta.Application.Services.Imp.csproj", "{08B26E53-F19D-44B8-9B37-2EE1487F90F4}"
EndProject
Project("{9A19103F-16F7-4668-BE54-9A1E7A4F7556}") = "SME.Conecta.Application.Messages", "SME.Conecta.Application.Messages\SME.Conecta.Application.Messages.csproj", "{EE51BDDA-47FB-407B-9F32-5F9DA75A0E04}"
EndProject
Project("{9A19103F-16F7-4668-BE54-9A1E7A4F7556}") = "SME.Conecta.Services", "SME.Conecta.Services\SME.Conecta.Services.csproj", "{01B17175-AA9F-40CA-A41F-F0146451B5E9}"
EndProject
Project("{9A19103F-16F7-4668-BE54-9A1E7A4F7556}") = "SME.Conecta.Services.Imp", "SME.Conecta.Services.Imp\SME.Conecta.Services.Imp.csproj", "{0D07B0A9-1CD7-453F-B40D-C15D68E4DBCF}"
EndProject
Project("{9A19103F-16F7-4668-BE54-9A1E7A4F7556}") = "SME.Conecta.Services.Models", "SME.Conecta.Services.Models\SME.Conecta.Services.Models.csproj", "{83920F91-B62C-4B38-A4EA-00766B0349F6}"
EndProject
Project("{9A19103F-16F7-4668-BE54-9A1E7A4F7556}") = "SME.Conecta.Infra.Database", "SME.Conecta.Infra.Database\SME.Conecta.Infra.Database.csproj", "{9DE75E19-A46A-4AF2-9634-6A4A4309D93F}"
EndProject
Project("{9A19103F-16F7-4668-BE54-9A1E7A4F7556}") = "SME.Conecta.Infra.Database.MySql", "SME.Conecta.Infra.Database.MySql\SME.Conecta.Infra.Database.MySql.csproj", "{EBA27B8F-31C4-4C7E-862F-0373B1BC18F5}"
EndProject
Project("{9A19103F-16F7-4668-BE54-9A1E7A4F7556}") = "SME.Conecta.Infra.CrossCutting.Common", "SME.Conecta.Infra.CrossCutting.Common\SME.Conecta.Infra.CrossCutting.Common.csproj", "{0D4845D1-CAD5-4B89-9A78-7CDC4EE0F16B}"
EndProject
Project("{9A19103F-16F7-4668-BE54-9A1E7A4F7556}") = "SME.Conecta.Infra.CrossCutting.DI", "SME.Conecta.Infra.CrossCutting.DI\SME.Conecta.Infra.CrossCutting.DI.csproj", "{57A85F58-81E2-47B2-B716-A1321EB7002E}"
EndProject
Project("{9A19103F-16F7-4668-BE54-9A1E7A4F7556}") = "SME.Conecta.Infra.CrossCutting.Enum", "SME.Conecta.Infra.CrossCutting.Enum\SME.Conecta.Infra.CrossCutting.Enum.csproj", "{2C8E6D5F-DA68-43D4-949C-61FE87E5BF86}"
EndProject
Project("{FAE04EC0-301F-11D3-BF4B-00C04F79EFBC}") = "SME.Conecta.Infra.CrossCutting.Extension", "SME.Conecta.Infra.CrossCutting.Extension\SME.Conecta.Infra.CrossCutting.Extension.csproj", "{060DB2E8-7729-4AC4-904D-B122DF04F465}"
EndProject
Project("{FAE04EC0-301F-11D3-BF4B-00C04F79EFBC}") = "SME.Conecta.Infra.CrossCutting.Model", "SME.Conecta.Infra.CrossCutting.Model\SME.Conecta.Infra.CrossCutting.Model.csproj", "{A3AB83AE-F0FC-4E61-9E89-DD84173518C0}"
EndProject
Project("{FAE04EC0-301F-11D3-BF4B-00C04F79EFBC}") = "SME.Conecta.Infra.CrossCutting.RabitMQ", "SME.Conecta.Infra.CrossCutting.RabitMQ\SME.Conecta.Infra.CrossCutting.RabitMQ.csproj", "{4C9B29A0-BD01-474D-A5B4-F97259AB6C2E}"
EndProject
Global
	GlobalSection(SolutionConfigurationPlatforms) = preSolution
		Debug|Any CPU = Debug|Any CPU
		Release|Any CPU = Release|Any CPU
	EndGlobalSection
	GlobalSection(ProjectConfigurationPlatforms) = postSolution
		{98A6E910-8FC5-4F5F-B9C6-D1C6895C2135}.Debug|Any CPU.ActiveCfg = Debug|Any CPU
		{98A6E910-8FC5-4F5F-B9C6-D1C6895C2135}.Debug|Any CPU.Build.0 = Debug|Any CPU
		{98A6E910-8FC5-4F5F-B9C6-D1C6895C2135}.Release|Any CPU.ActiveCfg = Release|Any CPU
		{98A6E910-8FC5-4F5F-B9C6-D1C6895C2135}.Release|Any CPU.Build.0 = Release|Any CPU
		{110291E4-9D80-42A8-BCC0-FF9E69E091A8}.Debug|Any CPU.ActiveCfg = Debug|Any CPU
		{110291E4-9D80-42A8-BCC0-FF9E69E091A8}.Debug|Any CPU.Build.0 = Debug|Any CPU
		{110291E4-9D80-42A8-BCC0-FF9E69E091A8}.Release|Any CPU.ActiveCfg = Release|Any CPU
		{110291E4-9D80-42A8-BCC0-FF9E69E091A8}.Release|Any CPU.Build.0 = Release|Any CPU
		{1FF2BF19-0026-4459-8A21-675158A32650}.Debug|Any CPU.ActiveCfg = Debug|Any CPU
		{1FF2BF19-0026-4459-8A21-675158A32650}.Debug|Any CPU.Build.0 = Debug|Any CPU
		{1FF2BF19-0026-4459-8A21-675158A32650}.Release|Any CPU.ActiveCfg = Release|Any CPU
		{1FF2BF19-0026-4459-8A21-675158A32650}.Release|Any CPU.Build.0 = Release|Any CPU
		{08B26E53-F19D-44B8-9B37-2EE1487F90F4}.Debug|Any CPU.ActiveCfg = Debug|Any CPU
		{08B26E53-F19D-44B8-9B37-2EE1487F90F4}.Debug|Any CPU.Build.0 = Debug|Any CPU
		{08B26E53-F19D-44B8-9B37-2EE1487F90F4}.Release|Any CPU.ActiveCfg = Release|Any CPU
		{08B26E53-F19D-44B8-9B37-2EE1487F90F4}.Release|Any CPU.Build.0 = Release|Any CPU
		{EE51BDDA-47FB-407B-9F32-5F9DA75A0E04}.Debug|Any CPU.ActiveCfg = Debug|Any CPU
		{EE51BDDA-47FB-407B-9F32-5F9DA75A0E04}.Debug|Any CPU.Build.0 = Debug|Any CPU
		{EE51BDDA-47FB-407B-9F32-5F9DA75A0E04}.Release|Any CPU.ActiveCfg = Release|Any CPU
		{EE51BDDA-47FB-407B-9F32-5F9DA75A0E04}.Release|Any CPU.Build.0 = Release|Any CPU
		{01B17175-AA9F-40CA-A41F-F0146451B5E9}.Debug|Any CPU.ActiveCfg = Debug|Any CPU
		{01B17175-AA9F-40CA-A41F-F0146451B5E9}.Debug|Any CPU.Build.0 = Debug|Any CPU
		{01B17175-AA9F-40CA-A41F-F0146451B5E9}.Release|Any CPU.ActiveCfg = Release|Any CPU
		{01B17175-AA9F-40CA-A41F-F0146451B5E9}.Release|Any CPU.Build.0 = Release|Any CPU
		{0D07B0A9-1CD7-453F-B40D-C15D68E4DBCF}.Debug|Any CPU.ActiveCfg = Debug|Any CPU
		{0D07B0A9-1CD7-453F-B40D-C15D68E4DBCF}.Debug|Any CPU.Build.0 = Debug|Any CPU
		{0D07B0A9-1CD7-453F-B40D-C15D68E4DBCF}.Release|Any CPU.ActiveCfg = Release|Any CPU
		{0D07B0A9-1CD7-453F-B40D-C15D68E4DBCF}.Release|Any CPU.Build.0 = Release|Any CPU
		{83920F91-B62C-4B38-A4EA-00766B0349F6}.Debug|Any CPU.ActiveCfg = Debug|Any CPU
		{83920F91-B62C-4B38-A4EA-00766B0349F6}.Debug|Any CPU.Build.0 = Debug|Any CPU
		{83920F91-B62C-4B38-A4EA-00766B0349F6}.Release|Any CPU.ActiveCfg = Release|Any CPU
		{83920F91-B62C-4B38-A4EA-00766B0349F6}.Release|Any CPU.Build.0 = Release|Any CPU
		{9DE75E19-A46A-4AF2-9634-6A4A4309D93F}.Debug|Any CPU.ActiveCfg = Debug|Any CPU
		{9DE75E19-A46A-4AF2-9634-6A4A4309D93F}.Debug|Any CPU.Build.0 = Debug|Any CPU
		{9DE75E19-A46A-4AF2-9634-6A4A4309D93F}.Release|Any CPU.ActiveCfg = Release|Any CPU
		{9DE75E19-A46A-4AF2-9634-6A4A4309D93F}.Release|Any CPU.Build.0 = Release|Any CPU
		{EBA27B8F-31C4-4C7E-862F-0373B1BC18F5}.Debug|Any CPU.ActiveCfg = Debug|Any CPU
		{EBA27B8F-31C4-4C7E-862F-0373B1BC18F5}.Debug|Any CPU.Build.0 = Debug|Any CPU
		{EBA27B8F-31C4-4C7E-862F-0373B1BC18F5}.Release|Any CPU.ActiveCfg = Release|Any CPU
		{EBA27B8F-31C4-4C7E-862F-0373B1BC18F5}.Release|Any CPU.Build.0 = Release|Any CPU
		{0D4845D1-CAD5-4B89-9A78-7CDC4EE0F16B}.Debug|Any CPU.ActiveCfg = Debug|Any CPU
		{0D4845D1-CAD5-4B89-9A78-7CDC4EE0F16B}.Debug|Any CPU.Build.0 = Debug|Any CPU
		{0D4845D1-CAD5-4B89-9A78-7CDC4EE0F16B}.Release|Any CPU.ActiveCfg = Release|Any CPU
		{0D4845D1-CAD5-4B89-9A78-7CDC4EE0F16B}.Release|Any CPU.Build.0 = Release|Any CPU
		{57A85F58-81E2-47B2-B716-A1321EB7002E}.Debug|Any CPU.ActiveCfg = Debug|Any CPU
		{57A85F58-81E2-47B2-B716-A1321EB7002E}.Debug|Any CPU.Build.0 = Debug|Any CPU
		{57A85F58-81E2-47B2-B716-A1321EB7002E}.Release|Any CPU.ActiveCfg = Release|Any CPU
		{57A85F58-81E2-47B2-B716-A1321EB7002E}.Release|Any CPU.Build.0 = Release|Any CPU
		{2C8E6D5F-DA68-43D4-949C-61FE87E5BF86}.Debug|Any CPU.ActiveCfg = Debug|Any CPU
		{2C8E6D5F-DA68-43D4-949C-61FE87E5BF86}.Debug|Any CPU.Build.0 = Debug|Any CPU
		{2C8E6D5F-DA68-43D4-949C-61FE87E5BF86}.Release|Any CPU.ActiveCfg = Release|Any CPU
		{2C8E6D5F-DA68-43D4-949C-61FE87E5BF86}.Release|Any CPU.Build.0 = Release|Any CPU
		{060DB2E8-7729-4AC4-904D-B122DF04F465}.Debug|Any CPU.ActiveCfg = Debug|Any CPU
		{060DB2E8-7729-4AC4-904D-B122DF04F465}.Debug|Any CPU.Build.0 = Debug|Any CPU
		{060DB2E8-7729-4AC4-904D-B122DF04F465}.Release|Any CPU.ActiveCfg = Release|Any CPU
		{060DB2E8-7729-4AC4-904D-B122DF04F465}.Release|Any CPU.Build.0 = Release|Any CPU
		{A3AB83AE-F0FC-4E61-9E89-DD84173518C0}.Debug|Any CPU.ActiveCfg = Debug|Any CPU
		{A3AB83AE-F0FC-4E61-9E89-DD84173518C0}.Debug|Any CPU.Build.0 = Debug|Any CPU
		{A3AB83AE-F0FC-4E61-9E89-DD84173518C0}.Release|Any CPU.ActiveCfg = Release|Any CPU
		{A3AB83AE-F0FC-4E61-9E89-DD84173518C0}.Release|Any CPU.Build.0 = Release|Any CPU
		{4C9B29A0-BD01-474D-A5B4-F97259AB6C2E}.Debug|Any CPU.ActiveCfg = Debug|Any CPU
		{4C9B29A0-BD01-474D-A5B4-F97259AB6C2E}.Debug|Any CPU.Build.0 = Debug|Any CPU
		{4C9B29A0-BD01-474D-A5B4-F97259AB6C2E}.Release|Any CPU.ActiveCfg = Release|Any CPU
		{4C9B29A0-BD01-474D-A5B4-F97259AB6C2E}.Release|Any CPU.Build.0 = Release|Any CPU
	EndGlobalSection
	GlobalSection(SolutionProperties) = preSolution
		HideSolutionNode = FALSE
	EndGlobalSection
	GlobalSection(NestedProjects) = preSolution
		{DEDC076F-7AB0-4D8E-B534-C10BFA5734C7} = {4FAA264F-7F49-4E68-B40A-5A4EBA6961F9}
		{46C2A6E4-BC23-4965-B12B-573A716F63EC} = {8E28AA69-F024-4B6C-8426-84FDE9DC10E1}
		{29A93978-9F20-4AED-81B8-BEAC1704D23D} = {8E28AA69-F024-4B6C-8426-84FDE9DC10E1}
		{00ECAAD4-E0C6-4017-AC84-5278828D41A6} = {8E28AA69-F024-4B6C-8426-84FDE9DC10E1}
		{665A30FB-DAFA-4AA6-B547-51BD5E7ABF3A} = {15E4EE69-6A52-4EA8-9283-A77A1FDD5F3B}
		{6665D757-732B-4AA3-A466-555EA2D039AC} = {15E4EE69-6A52-4EA8-9283-A77A1FDD5F3B}
		{9B9014DF-79C0-477B-8339-0C90C17A7BBA} = {15E4EE69-6A52-4EA8-9283-A77A1FDD5F3B}
		{1B8B1FC8-DDFE-45ED-BD73-0B748388DB2E} = {1E5E3023-4BD9-4D13-B966-85401060D77A}
		{A34BEDB8-9FA4-4B84-808D-9E1B049A5293} = {1E5E3023-4BD9-4D13-B966-85401060D77A}
		{98A6E910-8FC5-4F5F-B9C6-D1C6895C2135} = {DEDC076F-7AB0-4D8E-B534-C10BFA5734C7}
		{110291E4-9D80-42A8-BCC0-FF9E69E091A8} = {46C2A6E4-BC23-4965-B12B-573A716F63EC}
		{1FF2BF19-0026-4459-8A21-675158A32650} = {29A93978-9F20-4AED-81B8-BEAC1704D23D}
		{08B26E53-F19D-44B8-9B37-2EE1487F90F4} = {29A93978-9F20-4AED-81B8-BEAC1704D23D}
		{EE51BDDA-47FB-407B-9F32-5F9DA75A0E04} = {00ECAAD4-E0C6-4017-AC84-5278828D41A6}
		{01B17175-AA9F-40CA-A41F-F0146451B5E9} = {665A30FB-DAFA-4AA6-B547-51BD5E7ABF3A}
		{0D07B0A9-1CD7-453F-B40D-C15D68E4DBCF} = {6665D757-732B-4AA3-A466-555EA2D039AC}
		{83920F91-B62C-4B38-A4EA-00766B0349F6} = {9B9014DF-79C0-477B-8339-0C90C17A7BBA}
		{9DE75E19-A46A-4AF2-9634-6A4A4309D93F} = {1B8B1FC8-DDFE-45ED-BD73-0B748388DB2E}
		{EBA27B8F-31C4-4C7E-862F-0373B1BC18F5} = {1B8B1FC8-DDFE-45ED-BD73-0B748388DB2E}
		{0D4845D1-CAD5-4B89-9A78-7CDC4EE0F16B} = {A34BEDB8-9FA4-4B84-808D-9E1B049A5293}
		{57A85F58-81E2-47B2-B716-A1321EB7002E} = {A34BEDB8-9FA4-4B84-808D-9E1B049A5293}
		{2C8E6D5F-DA68-43D4-949C-61FE87E5BF86} = {A34BEDB8-9FA4-4B84-808D-9E1B049A5293}
		{060DB2E8-7729-4AC4-904D-B122DF04F465} = {A34BEDB8-9FA4-4B84-808D-9E1B049A5293}
		{A3AB83AE-F0FC-4E61-9E89-DD84173518C0} = {A34BEDB8-9FA4-4B84-808D-9E1B049A5293}
		{4C9B29A0-BD01-474D-A5B4-F97259AB6C2E} = {A34BEDB8-9FA4-4B84-808D-9E1B049A5293}
	EndGlobalSection
	GlobalSection(ExtensibilityGlobals) = postSolution
		SolutionGuid = {AF825FBF-F32A-4B34-B2F1-6D580B74A756}
	EndGlobalSection
EndGlobal
